
Microsoft Visual Studio Solution File, Format Version 11.00
# Visual Studio 2010
Project("{FAE04EC0-301F-11D3-BF4B-00C04F79EFBC}") = "LaserTest", "Assembly-CSharp-firstpass.csproj", "{7A13831D-C65A-1977-E441-E42687BA6E51}"
EndProject
Project("{FAE04EC0-301F-11D3-BF4B-00C04F79EFBC}") = "LaserTest", "Assembly-CSharp.csproj", "{023D54B6-EC5D-578E-7E67-FE26E9ACEB9F}"
EndProject
Project("{FAE04EC0-301F-11D3-BF4B-00C04F79EFBC}") = "LaserTest", "Assembly-CSharp-Editor-firstpass.csproj", "{F7C9FCF9-8913-4171-DFED-D9FE26E7931B}"
EndProject
Global
	GlobalSection(SolutionConfigurationPlatforms) = preSolution
		Debug|Any CPU = Debug|Any CPU
		Release|Any CPU = Release|Any CPU
	EndGlobalSection
	GlobalSection(ProjectConfigurationPlatforms) = postSolution
		{7A13831D-C65A-1977-E441-E42687BA6E51}.Debug|Any CPU.ActiveCfg = Debug|Any CPU
		{7A13831D-C65A-1977-E441-E42687BA6E51}.Debug|Any CPU.Build.0 = Debug|Any CPU
		{7A13831D-C65A-1977-E441-E42687BA6E51}.Release|Any CPU.ActiveCfg = Release|Any CPU
		{7A13831D-C65A-1977-E441-E42687BA6E51}.Release|Any CPU.Build.0 = Release|Any CPU
		{023D54B6-EC5D-578E-7E67-FE26E9ACEB9F}.Debug|Any CPU.ActiveCfg = Debug|Any CPU
		{023D54B6-EC5D-578E-7E67-FE26E9ACEB9F}.Debug|Any CPU.Build.0 = Debug|Any CPU
		{023D54B6-EC5D-578E-7E67-FE26E9ACEB9F}.Release|Any CPU.ActiveCfg = Release|Any CPU
		{023D54B6-EC5D-578E-7E67-FE26E9ACEB9F}.Release|Any CPU.Build.0 = Release|Any CPU
		{F7C9FCF9-8913-4171-DFED-D9FE26E7931B}.Debug|Any CPU.ActiveCfg = Debug|Any CPU
		{F7C9FCF9-8913-4171-DFED-D9FE26E7931B}.Debug|Any CPU.Build.0 = Debug|Any CPU
		{F7C9FCF9-8913-4171-DFED-D9FE26E7931B}.Release|Any CPU.ActiveCfg = Release|Any CPU
		{F7C9FCF9-8913-4171-DFED-D9FE26E7931B}.Release|Any CPU.Build.0 = Release|Any CPU
	EndGlobalSection
	GlobalSection(SolutionProperties) = preSolution
		HideSolutionNode = FALSE
	EndGlobalSection
	GlobalSection(MonoDevelopProperties) = preSolution
		StartupItem = Assembly-CSharp.csproj
	EndGlobalSection
EndGlobal
